
Microsoft Visual Studio Solution File, Format Version 12.00
# Visual Studio Version 17
VisualStudioVersion = 17.9.34728.123
MinimumVisualStudioVersion = 10.0.40219.1
Project("{888888A0-9F3D-457C-B088-3A5042F75D52}") = "P_Swap elements in String list C3", "P_Swap elements in String list C3.pyproj", "{2AEE617F-CED5-4EA3-9959-9FABBE9CD85A}"
EndProject
Global
	GlobalSection(SolutionConfigurationPlatforms) = preSolution
		Debug|Any CPU = Debug|Any CPU
		Release|Any CPU = Release|Any CPU
	EndGlobalSection
	GlobalSection(ProjectConfigurationPlatforms) = postSolution
		{2AEE617F-CED5-4EA3-9959-9FABBE9CD85A}.Debug|Any CPU.ActiveCfg = Debug|Any CPU
		{2AEE617F-CED5-4EA3-9959-9FABBE9CD85A}.Release|Any CPU.ActiveCfg = Release|Any CPU
	EndGlobalSection
	GlobalSection(SolutionProperties) = preSolution
		HideSolutionNode = FALSE
	EndGlobalSection
	GlobalSection(ExtensibilityGlobals) = postSolution
		SolutionGuid = {CA32EB6C-62DE-419E-A331-4CD2F638E078}
	EndGlobalSection
EndGlobal
